// !$*UTF8*$!
{
	archiveVersion = 1;
	classes = {
	};
	objectVersion = 50;
	objects = {

/* Begin PBXBuildFile section */
		491ABB8BCB4493C6143690C0 /* libPods-LCFC-1970's-TeamGenerator.a in Frameworks */ = {isa = PBXBuildFile; fileRef = 1181B80352A6399F18707FDF /* libPods-LCFC-1970's-TeamGenerator.a */; };
		DA2DBA0B2462C32700BFF954 /* AppDelegate.swift in Sources */ = {isa = PBXBuildFile; fileRef = DA2DBA0A2462C32700BFF954 /* AppDelegate.swift */; };
		DA2DBA0D2462C32700BFF954 /* SceneDelegate.swift in Sources */ = {isa = PBXBuildFile; fileRef = DA2DBA0C2462C32700BFF954 /* SceneDelegate.swift */; };
		DA2DBA0F2462C32700BFF954 /* ViewController.swift in Sources */ = {isa = PBXBuildFile; fileRef = DA2DBA0E2462C32700BFF954 /* ViewController.swift */; };
		DA2DBA122462C32700BFF954 /* Main.storyboard in Resources */ = {isa = PBXBuildFile; fileRef = DA2DBA102462C32700BFF954 /* Main.storyboard */; };
		DA2DBA142462C32B00BFF954 /* Assets.xcassets in Resources */ = {isa = PBXBuildFile; fileRef = DA2DBA132462C32B00BFF954 /* Assets.xcassets */; };
		DA2DBA172462C32B00BFF954 /* LaunchScreen.storyboard in Resources */ = {isa = PBXBuildFile; fileRef = DA2DBA152462C32B00BFF954 /* LaunchScreen.storyboard */; };
		DA2DBA222462CCA500BFF954 /* SquadData.swift in Sources */ = {isa = PBXBuildFile; fileRef = DA2DBA212462CCA500BFF954 /* SquadData.swift */; };
/* End PBXBuildFile section */

/* Begin PBXFileReference section */
		1181B80352A6399F18707FDF /* libPods-LCFC-1970's-TeamGenerator.a */ = {isa = PBXFileReference; explicitFileType = archive.ar; includeInIndex = 0; path = "libPods-LCFC-1970's-TeamGenerator.a"; sourceTree = BUILT_PRODUCTS_DIR; };
		8B41D594BDAD3BE1506DE248 /* Pods-LCFC-1970's-TeamGenerator.debug.xcconfig */ = {isa = PBXFileReference; includeInIndex = 1; lastKnownFileType = text.xcconfig; name = "Pods-LCFC-1970's-TeamGenerator.debug.xcconfig"; path = "Target Support Files/Pods-LCFC-1970's-TeamGenerator/Pods-LCFC-1970's-TeamGenerator.debug.xcconfig"; sourceTree = "<group>"; };
		DA2DBA072462C32700BFF954 /* LCFC-1970's-TeamGenerator.app */ = {isa = PBXFileReference; explicitFileType = wrapper.application; includeInIndex = 0; path = "LCFC-1970's-TeamGenerator.app"; sourceTree = BUILT_PRODUCTS_DIR; };
		DA2DBA0A2462C32700BFF954 /* AppDelegate.swift */ = {isa = PBXFileReference; lastKnownFileType = sourcecode.swift; path = AppDelegate.swift; sourceTree = "<group>"; };
		DA2DBA0C2462C32700BFF954 /* SceneDelegate.swift */ = {isa = PBXFileReference; lastKnownFileType = sourcecode.swift; path = SceneDelegate.swift; sourceTree = "<group>"; };
		DA2DBA0E2462C32700BFF954 /* ViewController.swift */ = {isa = PBXFileReference; lastKnownFileType = sourcecode.swift; path = ViewController.swift; sourceTree = "<group>"; };
		DA2DBA112462C32700BFF954 /* Base */ = {isa = PBXFileReference; lastKnownFileType = file.storyboard; name = Base; path = Base.lproj/Main.storyboard; sourceTree = "<group>"; };
		DA2DBA132462C32B00BFF954 /* Assets.xcassets */ = {isa = PBXFileReference; lastKnownFileType = folder.assetcatalog; path = Assets.xcassets; sourceTree = "<group>"; };
		DA2DBA162462C32B00BFF954 /* Base */ = {isa = PBXFileReference; lastKnownFileType = file.storyboard; name = Base; path = Base.lproj/LaunchScreen.storyboard; sourceTree = "<group>"; };
		DA2DBA182462C32B00BFF954 /* Info.plist */ = {isa = PBXFileReference; lastKnownFileType = text.plist.xml; path = Info.plist; sourceTree = "<group>"; };
		DA2DBA212462CCA500BFF954 /* SquadData.swift */ = {isa = PBXFileReference; lastKnownFileType = sourcecode.swift; path = SquadData.swift; sourceTree = "<group>"; };
		FF8339C86BB4B2C17869BD7C /* Pods-LCFC-1970's-TeamGenerator.release.xcconfig */ = {isa = PBXFileReference; includeInIndex = 1; lastKnownFileType = text.xcconfig; name = "Pods-LCFC-1970's-TeamGenerator.release.xcconfig"; path = "Target Support Files/Pods-LCFC-1970's-TeamGenerator/Pods-LCFC-1970's-TeamGenerator.release.xcconfig"; sourceTree = "<group>"; };
/* End PBXFileReference section */

/* Begin PBXFrameworksBuildPhase section */
		DA2DBA042462C32700BFF954 /* Frameworks */ = {
			isa = PBXFrameworksBuildPhase;
			buildActionMask = 2147483647;
			files = (
				491ABB8BCB4493C6143690C0 /* libPods-LCFC-1970's-TeamGenerator.a in Frameworks */,
			);
			runOnlyForDeploymentPostprocessing = 0;
		};
/* End PBXFrameworksBuildPhase section */

/* Begin PBXGroup section */
		559083F19D3BF6A98A173E00 /* Frameworks */ = {
			isa = PBXGroup;
			children = (
				1181B80352A6399F18707FDF /* libPods-LCFC-1970's-TeamGenerator.a */,
			);
			name = Frameworks;
			sourceTree = "<group>";
		};
		5D4E4BF6B77523F1C0A07DE2 /* Pods */ = {
			isa = PBXGroup;
			children = (
				8B41D594BDAD3BE1506DE248 /* Pods-LCFC-1970's-TeamGenerator.debug.xcconfig */,
				FF8339C86BB4B2C17869BD7C /* Pods-LCFC-1970's-TeamGenerator.release.xcconfig */,
			);
			path = Pods;
			sourceTree = "<group>";
		};
		DA2DB9FE2462C32700BFF954 = {
			isa = PBXGroup;
			children = (
				DA2DBA092462C32700BFF954 /* LCFC-1970's-TeamGenerator */,
				DA2DBA082462C32700BFF954 /* Products */,
				5D4E4BF6B77523F1C0A07DE2 /* Pods */,
				559083F19D3BF6A98A173E00 /* Frameworks */,
			);
			sourceTree = "<group>";
		};
		DA2DBA082462C32700BFF954 /* Products */ = {
			isa = PBXGroup;
			children = (
				DA2DBA072462C32700BFF954 /* LCFC-1970's-TeamGenerator.app */,
			);
			name = Products;
			sourceTree = "<group>";
		};
		DA2DBA092462C32700BFF954 /* LCFC-1970's-TeamGenerator */ = {
			isa = PBXGroup;
			children = (
				DA2DBA202462CC5F00BFF954 /* Controller */,
				DA2DBA1F2462CC5000BFF954 /* View */,
				DA2DBA1E2462CC3D00BFF954 /* Model */,
				DA2DBA0A2462C32700BFF954 /* AppDelegate.swift */,
				DA2DBA0C2462C32700BFF954 /* SceneDelegate.swift */,
				DA2DBA132462C32B00BFF954 /* Assets.xcassets */,
				DA2DBA152462C32B00BFF954 /* LaunchScreen.storyboard */,
				DA2DBA182462C32B00BFF954 /* Info.plist */,
			);
			path = "LCFC-1970's-TeamGenerator";
			sourceTree = "<group>";
		};
		DA2DBA1E2462CC3D00BFF954 /* Model */ = {
			isa = PBXGroup;
			children = (
				DA2DBA212462CCA500BFF954 /* SquadData.swift */,
			);
			path = Model;
			sourceTree = "<group>";
		};
		DA2DBA1F2462CC5000BFF954 /* View */ = {
			isa = PBXGroup;
			children = (
				DA2DBA102462C32700BFF954 /* Main.storyboard */,
			);
			path = View;
			sourceTree = "<group>";
		};
		DA2DBA202462CC5F00BFF954 /* Controller */ = {
			isa = PBXGroup;
			children = (
				DA2DBA0E2462C32700BFF954 /* ViewController.swift */,
			);
			path = Controller;
			sourceTree = "<group>";
		};
/* End PBXGroup section */

/* Begin PBXNativeTarget section */
		DA2DBA062462C32700BFF954 /* LCFC-1970's-TeamGenerator */ = {
			isa = PBXNativeTarget;
			buildConfigurationList = DA2DBA1B2462C32B00BFF954 /* Build configuration list for PBXNativeTarget "LCFC-1970's-TeamGenerator" */;
			buildPhases = (
				3935B2705286A17ED835501D /* [CP] Check Pods Manifest.lock */,
				DA2DBA032462C32700BFF954 /* Sources */,
				DA2DBA042462C32700BFF954 /* Frameworks */,
				DA2DBA052462C32700BFF954 /* Resources */,
			);
			buildRules = (
			);
			dependencies = (
			);
			name = "LCFC-1970's-TeamGenerator";
			productName = "LCFC-1970's-TeamGenerator";
			productReference = DA2DBA072462C32700BFF954 /* LCFC-1970's-TeamGenerator.app */;
			productType = "com.apple.product-type.application";
		};
/* End PBXNativeTarget section */

/* Begin PBXProject section */
		DA2DB9FF2462C32700BFF954 /* Project object */ = {
			isa = PBXProject;
			attributes = {
				LastSwiftUpdateCheck = 1140;
				LastUpgradeCheck = 1140;
				ORGANIZATIONNAME = "mark pearson";
				TargetAttributes = {
					DA2DBA062462C32700BFF954 = {
						CreatedOnToolsVersion = 11.4.1;
					};
				};
			};
			buildConfigurationList = DA2DBA022462C32700BFF954 /* Build configuration list for PBXProject "LCFC-1970's-TeamGenerator" */;
			compatibilityVersion = "Xcode 9.3";
			developmentRegion = en;
			hasScannedForEncodings = 0;
			knownRegions = (
				en,
				Base,
			);
			mainGroup = DA2DB9FE2462C32700BFF954;
			productRefGroup = DA2DBA082462C32700BFF954 /* Products */;
			projectDirPath = "";
			projectRoot = "";
			targets = (
				DA2DBA062462C32700BFF954 /* LCFC-1970's-TeamGenerator */,
			);
		};
/* End PBXProject section */

/* Begin PBXResourcesBuildPhase section */
		DA2DBA052462C32700BFF954 /* Resources */ = {
			isa = PBXResourcesBuildPhase;
			buildActionMask = 2147483647;
			files = (
				DA2DBA172462C32B00BFF954 /* LaunchScreen.storyboard in Resources */,
				DA2DBA142462C32B00BFF954 /* Assets.xcassets in Resources */,
				DA2DBA122462C32700BFF954 /* Main.storyboard in Resources */,
			);
			runOnlyForDeploymentPostprocessing = 0;
		};
/* End PBXResourcesBuildPhase section */

/* Begin PBXShellScriptBuildPhase section */
		3935B2705286A17ED835501D /* [CP] Check Pods Manifest.lock */ = {
			isa = PBXShellScriptBuildPhase;
			buildActionMask = 2147483647;
			files = (
			);
			inputFileListPaths = (
			);
			inputPaths = (
				"${PODS_PODFILE_DIR_PATH}/Podfile.lock",
				"${PODS_ROOT}/Manifest.lock",
			);
			name = "[CP] Check Pods Manifest.lock";
			outputFileListPaths = (
			);
			outputPaths = (
				"$(DERIVED_FILE_DIR)/Pods-LCFC-1970's-TeamGenerator-checkManifestLockResult.txt",
			);
			runOnlyForDeploymentPostprocessing = 0;
			shellPath = /bin/sh;
			shellScript = "diff \"${PODS_PODFILE_DIR_PATH}/Podfile.lock\" \"${PODS_ROOT}/Manifest.lock\" > /dev/null\nif [ $? != 0 ] ; then\n    # print error to STDERR\n    echo \"error: The sandbox is not in sync with the Podfile.lock. Run 'pod install' or update your CocoaPods installation.\" >&2\n    exit 1\nfi\n# This output is used by Xcode 'outputs' to avoid re-running this script phase.\necho \"SUCCESS\" > \"${SCRIPT_OUTPUT_FILE_0}\"\n";
			showEnvVarsInLog = 0;
		};
/* End PBXShellScriptBuildPhase section */

/* Begin PBXSourcesBuildPhase section */
		DA2DBA032462C32700BFF954 /* Sources */ = {
			isa = PBXSourcesBuildPhase;
			buildActionMask = 2147483647;
			files = (
				DA2DBA222462CCA500BFF954 /* SquadData.swift in Sources */,
				DA2DBA0F2462C32700BFF954 /* ViewController.swift in Sources */,
				DA2DBA0B2462C32700BFF954 /* AppDelegate.swift in Sources */,
				DA2DBA0D2462C32700BFF954 /* SceneDelegate.swift in Sources */,
			);
			runOnlyForDeploymentPostprocessing = 0;
		};
/* End PBXSourcesBuildPhase section */

/* Begin PBXVariantGroup section */
		DA2DBA102462C32700BFF954 /* Main.storyboard */ = {
			isa = PBXVariantGroup;
			children = (
				DA2DBA112462C32700BFF954 /* Base */,
			);
			name = Main.storyboard;
			sourceTree = "<group>";
		};
		DA2DBA152462C32B00BFF954 /* LaunchScreen.storyboard */ = {
			isa = PBXVariantGroup;
			children = (
				DA2DBA162462C32B00BFF954 /* Base */,
			);
			name = LaunchScreen.storyboard;
			sourceTree = "<group>";
		};
/* End PBXVariantGroup section */

/* Begin XCBuildConfiguration section */
		DA2DBA192462C32B00BFF954 /* Debug */ = {
			isa = XCBuildConfiguration;
			buildSettings = {
				ALWAYS_SEARCH_USER_PATHS = NO;
				CLANG_ANALYZER_NONNULL = YES;
				CLANG_ANALYZER_NUMBER_OBJECT_CONVERSION = YES_AGGRESSIVE;
				CLANG_CXX_LANGUAGE_STANDARD = "gnu++14";
				CLANG_CXX_LIBRARY = "libc++";
				CLANG_ENABLE_MODULES = YES;
				CLANG_ENABLE_OBJC_ARC = YES;
				CLANG_ENABLE_OBJC_WEAK = YES;
				CLANG_WARN_BLOCK_CAPTURE_AUTORELEASING = YES;
				CLANG_WARN_BOOL_CONVERSION = YES;
				CLANG_WARN_COMMA = YES;
				CLANG_WARN_CONSTANT_CONVERSION = YES;
				CLANG_WARN_DEPRECATED_OBJC_IMPLEMENTATIONS = YES;
				CLANG_WARN_DIRECT_OBJC_ISA_USAGE = YES_ERROR;
				CLANG_WARN_DOCUMENTATION_COMMENTS = YES;
				CLANG_WARN_EMPTY_BODY = YES;
				CLANG_WARN_ENUM_CONVERSION = YES;
				CLANG_WARN_INFINITE_RECURSION = YES;
				CLANG_WARN_INT_CONVERSION = YES;
				CLANG_WARN_NON_LITERAL_NULL_CONVERSION = YES;
				CLANG_WARN_OBJC_IMPLICIT_RETAIN_SELF = YES;
				CLANG_WARN_OBJC_LITERAL_CONVERSION = YES;
				CLANG_WARN_OBJC_ROOT_CLASS = YES_ERROR;
				CLANG_WARN_RANGE_LOOP_ANALYSIS = YES;
				CLANG_WARN_STRICT_PROTOTYPES = YES;
				CLANG_WARN_SUSPICIOUS_MOVE = YES;
				CLANG_WARN_UNGUARDED_AVAILABILITY = YES_AGGRESSIVE;
				CLANG_WARN_UNREACHABLE_CODE = YES;
				CLANG_WARN__DUPLICATE_METHOD_MATCH = YES;
				COPY_PHASE_STRIP = NO;
				DEBUG_INFORMATION_FORMAT = dwarf;
				ENABLE_STRICT_OBJC_MSGSEND = YES;
				ENABLE_TESTABILITY = YES;
				GCC_C_LANGUAGE_STANDARD = gnu11;
				GCC_DYNAMIC_NO_PIC = NO;
				GCC_NO_COMMON_BLOCKS = YES;
				GCC_OPTIMIZATION_LEVEL = 0;
				GCC_PREPROCESSOR_DEFINITIONS = (
					"DEBUG=1",
					"$(inherited)",
				);
				GCC_WARN_64_TO_32_BIT_CONVERSION = YES;
				GCC_WARN_ABOUT_RETURN_TYPE = YES_ERROR;
				GCC_WARN_UNDECLARED_SELECTOR = YES;
				GCC_WARN_UNINITIALIZED_AUTOS = YES_AGGRESSIVE;
				GCC_WARN_UNUSED_FUNCTION = YES;
				GCC_WARN_UNUSED_VARIABLE = YES;
				IPHONEOS_DEPLOYMENT_TARGET = 13.4;
				MTL_ENABLE_DEBUG_INFO = INCLUDE_SOURCE;
				MTL_FAST_MATH = YES;
				ONLY_ACTIVE_ARCH = YES;
				SDKROOT = iphoneos;
				SWIFT_ACTIVE_COMPILATION_CONDITIONS = DEBUG;
				SWIFT_OPTIMIZATION_LEVEL = "-Onone";
			};
			name = Debug;
		};
		DA2DBA1A2462C32B00BFF954 /* Release */ = {
			isa = XCBuildConfiguration;
			buildSettings = {
				ALWAYS_SEARCH_USER_PATHS = NO;
				CLANG_ANALYZER_NONNULL = YES;
				CLANG_ANALYZER_NUMBER_OBJECT_CONVERSION = YES_AGGRESSIVE;
				CLANG_CXX_LANGUAGE_STANDARD = "gnu++14";
				CLANG_CXX_LIBRARY = "libc++";
				CLANG_ENABLE_MODULES = YES;
				CLANG_ENABLE_OBJC_ARC = YES;
				CLANG_ENABLE_OBJC_WEAK = YES;
				CLANG_WARN_BLOCK_CAPTURE_AUTORELEASING = YES;
				CLANG_WARN_BOOL_CONVERSION = YES;
				CLANG_WARN_COMMA = YES;
				CLANG_WARN_CONSTANT_CONVERSION = YES;
				CLANG_WARN_DEPRECATED_OBJC_IMPLEMENTATIONS = YES;
				CLANG_WARN_DIRECT_OBJC_ISA_USAGE = YES_ERROR;
				CLANG_WARN_DOCUMENTATION_COMMENTS = YES;
				CLANG_WARN_EMPTY_BODY = YES;
				CLANG_WARN_ENUM_CONVERSION = YES;
				CLANG_WARN_INFINITE_RECURSION = YES;
				CLANG_WARN_INT_CONVERSION = YES;
				CLANG_WARN_NON_LITERAL_NULL_CONVERSION = YES;
				CLANG_WARN_OBJC_IMPLICIT_RETAIN_SELF = YES;
				CLANG_WARN_OBJC_LITERAL_CONVERSION = YES;
				CLANG_WARN_OBJC_ROOT_CLASS = YES_ERROR;
				CLANG_WARN_RANGE_LOOP_ANALYSIS = YES;
				CLANG_WARN_STRICT_PROTOTYPES = YES;
				CLANG_WARN_SUSPICIOUS_MOVE = YES;
				CLANG_WARN_UNGUARDED_AVAILABILITY = YES_AGGRESSIVE;
				CLANG_WARN_UNREACHABLE_CODE = YES;
				CLANG_WARN__DUPLICATE_METHOD_MATCH = YES;
				COPY_PHASE_STRIP = NO;
				DEBUG_INFORMATION_FORMAT = "dwarf-with-dsym";
				ENABLE_NS_ASSERTIONS = NO;
				ENABLE_STRICT_OBJC_MSGSEND = YES;
				GCC_C_LANGUAGE_STANDARD = gnu11;
				GCC_NO_COMMON_BLOCKS = YES;
				GCC_WARN_64_TO_32_BIT_CONVERSION = YES;
				GCC_WARN_ABOUT_RETURN_TYPE = YES_ERROR;
				GCC_WARN_UNDECLARED_SELECTOR = YES;
				GCC_WARN_UNINITIALIZED_AUTOS = YES_AGGRESSIVE;
				GCC_WARN_UNUSED_FUNCTION = YES;
				GCC_WARN_UNUSED_VARIABLE = YES;
				IPHONEOS_DEPLOYMENT_TARGET = 13.4;
				MTL_ENABLE_DEBUG_INFO = NO;
				MTL_FAST_MATH = YES;
				SDKROOT = iphoneos;
				SWIFT_COMPILATION_MODE = wholemodule;
				SWIFT_OPTIMIZATION_LEVEL = "-O";
				VALIDATE_PRODUCT = YES;
			};
			name = Release;
		};
		DA2DBA1C2462C32B00BFF954 /* Debug */ = {
			isa = XCBuildConfiguration;
			baseConfigurationReference = 8B41D594BDAD3BE1506DE248 /* Pods-LCFC-1970's-TeamGenerator.debug.xcconfig */;
			buildSettings = {
				ASSETCATALOG_COMPILER_APPICON_NAME = AppIcon;
				CODE_SIGN_STYLE = Automatic;
				INFOPLIST_FILE = "LCFC-1970's-TeamGenerator/Info.plist";
				LD_RUNPATH_SEARCH_PATHS = (
					"$(inherited)",
					"@executable_path/Frameworks",
				);
				PRODUCT_BUNDLE_IDENTIFIER = "com.markpearson.LCFC-1970-s-TeamGenerator";
				PRODUCT_NAME = "$(TARGET_NAME)";
				SWIFT_VERSION = 5.0;
				TARGETED_DEVICE_FAMILY = "1,2";
			};
			name = Debug;
		};
		DA2DBA1D2462C32B00BFF954 /* Release */ = {
			isa = XCBuildConfiguration;
			baseConfigurationReference = FF8339C86BB4B2C17869BD7C /* Pods-LCFC-1970's-TeamGenerator.release.xcconfig */;
			buildSettings = {
				ASSETCATALOG_COMPILER_APPICON_NAME = AppIcon;
				CODE_SIGN_STYLE = Automatic;
				INFOPLIST_FILE = "LCFC-1970's-TeamGenerator/Info.plist";
				LD_RUNPATH_SEARCH_PATHS = (
					"$(inherited)",
					"@executable_path/Frameworks",
				);
				PRODUCT_BUNDLE_IDENTIFIER = "com.markpearson.LCFC-1970-s-TeamGenerator";
				PRODUCT_NAME = "$(TARGET_NAME)";
				SWIFT_VERSION = 5.0;
				TARGETED_DEVICE_FAMILY = "1,2";
			};
			name = Release;
		};
/* End XCBuildConfiguration section */

/* Begin XCConfigurationList section */
		DA2DBA022462C32700BFF954 /* Build configuration list for PBXProject "LCFC-1970's-TeamGenerator" */ = {
			isa = XCConfigurationList;
			buildConfigurations = (
				DA2DBA192462C32B00BFF954 /* Debug */,
				DA2DBA1A2462C32B00BFF954 /* Release */,
			);
			defaultConfigurationIsVisible = 0;
			defaultConfigurationName = Release;
		};
		DA2DBA1B2462C32B00BFF954 /* Build configuration list for PBXNativeTarget "LCFC-1970's-TeamGenerator" */ = {
			isa = XCConfigurationList;
			buildConfigurations = (
				DA2DBA1C2462C32B00BFF954 /* Debug */,
				DA2DBA1D2462C32B00BFF954 /* Release */,
			);
			defaultConfigurationIsVisible = 0;
			defaultConfigurationName = Release;
		};
/* End XCConfigurationList section */
	};
	rootObject = DA2DB9FF2462C32700BFF954 /* Project object */;
}
